// !$*UTF8*$!
{
	archiveVersion = 1;
	classes = {
	};
	objectVersion = 46;
	objects = {

/* Begin PBXBuildFile section */
		6687B65F16DF14970047A275 /* Cocoa.framework in Frameworks */ = {isa = PBXBuildFile; fileRef = 6687B65E16DF14970047A275 /* Cocoa.framework */; };
		6687B66916DF14970047A275 /* InfoPlist.strings in Resources */ = {isa = PBXBuildFile; fileRef = 6687B66716DF14970047A275 /* InfoPlist.strings */; };
		6687B66B16DF14970047A275 /* main.m in Sources */ = {isa = PBXBuildFile; fileRef = 6687B66A16DF14970047A275 /* main.m */; };
		6687B66F16DF14970047A275 /* Credits.rtf in Resources */ = {isa = PBXBuildFile; fileRef = 6687B66D16DF14970047A275 /* Credits.rtf */; };
		6687B67216DF14970047A275 /* FIAppDelegate.m in Sources */ = {isa = PBXBuildFile; fileRef = 6687B67116DF14970047A275 /* FIAppDelegate.m */; };
		6687B67516DF14970047A275 /* MainMenu.xib in Resources */ = {isa = PBXBuildFile; fileRef = 6687B67316DF14970047A275 /* MainMenu.xib */; };
/* End PBXBuildFile section */

/* Begin PBXFileReference section */
		6687B65B16DF14970047A275 /* FlipIt.app */ = {isa = PBXFileReference; explicitFileType = wrapper.application; includeInIndex = 0; path = FlipIt.app; sourceTree = BUILT_PRODUCTS_DIR; };
		6687B65E16DF14970047A275 /* Cocoa.framework */ = {isa = PBXFileReference; lastKnownFileType = wrapper.framework; name = Cocoa.framework; path = System/Library/Frameworks/Cocoa.framework; sourceTree = SDKROOT; };
		6687B66116DF14970047A275 /* AppKit.framework */ = {isa = PBXFileReference; lastKnownFileType = wrapper.framework; name = AppKit.framework; path = System/Library/Frameworks/AppKit.framework; sourceTree = SDKROOT; };
		6687B66216DF14970047A275 /* CoreData.framework */ = {isa = PBXFileReference; lastKnownFileType = wrapper.framework; name = CoreData.framework; path = System/Library/Frameworks/CoreData.framework; sourceTree = SDKROOT; };
		6687B66316DF14970047A275 /* Foundation.framework */ = {isa = PBXFileReference; lastKnownFileType = wrapper.framework; name = Foundation.framework; path = System/Library/Frameworks/Foundation.framework; sourceTree = SDKROOT; };
		6687B66616DF14970047A275 /* FlipIt-Info.plist */ = {isa = PBXFileReference; lastKnownFileType = text.plist.xml; path = "FlipIt-Info.plist"; sourceTree = "<group>"; };
		6687B66816DF14970047A275 /* en */ = {isa = PBXFileReference; lastKnownFileType = text.plist.strings; name = en; path = en.lproj/InfoPlist.strings; sourceTree = "<group>"; };
		6687B66A16DF14970047A275 /* main.m */ = {isa = PBXFileReference; lastKnownFileType = sourcecode.c.objc; path = main.m; sourceTree = "<group>"; };
		6687B66C16DF14970047A275 /* FlipIt-Prefix.pch */ = {isa = PBXFileReference; lastKnownFileType = sourcecode.c.h; path = "FlipIt-Prefix.pch"; sourceTree = "<group>"; };
		6687B66E16DF14970047A275 /* en */ = {isa = PBXFileReference; lastKnownFileType = text.rtf; name = en; path = en.lproj/Credits.rtf; sourceTree = "<group>"; };
		6687B67016DF14970047A275 /* FIAppDelegate.h */ = {isa = PBXFileReference; lastKnownFileType = sourcecode.c.h; path = FIAppDelegate.h; sourceTree = "<group>"; };
		6687B67116DF14970047A275 /* FIAppDelegate.m */ = {isa = PBXFileReference; lastKnownFileType = sourcecode.c.objc; path = FIAppDelegate.m; sourceTree = "<group>"; };
		6687B67416DF14970047A275 /* en */ = {isa = PBXFileReference; lastKnownFileType = file.xib; name = en; path = en.lproj/MainMenu.xib; sourceTree = "<group>"; };
/* End PBXFileReference section */

/* Begin PBXFrameworksBuildPhase section */
		6687B65816DF14970047A275 /* Frameworks */ = {
			isa = PBXFrameworksBuildPhase;
			buildActionMask = 2147483647;
			files = (
				6687B65F16DF14970047A275 /* Cocoa.framework in Frameworks */,
			);
			runOnlyForDeploymentPostprocessing = 0;
		};
/* End PBXFrameworksBuildPhase section */

/* Begin PBXGroup section */
		6687B65216DF14970047A275 = {
			isa = PBXGroup;
			children = (
				6687B66416DF14970047A275 /* FlipIt */,
				6687B65D16DF14970047A275 /* Frameworks */,
				6687B65C16DF14970047A275 /* Products */,
			);
			sourceTree = "<group>";
		};
		6687B65C16DF14970047A275 /* Products */ = {
			isa = PBXGroup;
			children = (
				6687B65B16DF14970047A275 /* FlipIt.app */,
			);
			name = Products;
			sourceTree = "<group>";
		};
		6687B65D16DF14970047A275 /* Frameworks */ = {
			isa = PBXGroup;
			children = (
				6687B65E16DF14970047A275 /* Cocoa.framework */,
				6687B66016DF14970047A275 /* Other Frameworks */,
			);
			name = Frameworks;
			sourceTree = "<group>";
		};
		6687B66016DF14970047A275 /* Other Frameworks */ = {
			isa = PBXGroup;
			children = (
				6687B66116DF14970047A275 /* AppKit.framework */,
				6687B66216DF14970047A275 /* CoreData.framework */,
				6687B66316DF14970047A275 /* Foundation.framework */,
			);
			name = "Other Frameworks";
			sourceTree = "<group>";
		};
		6687B66416DF14970047A275 /* FlipIt */ = {
			isa = PBXGroup;
			children = (
				6687B67016DF14970047A275 /* FIAppDelegate.h */,
				6687B67116DF14970047A275 /* FIAppDelegate.m */,
				6687B67316DF14970047A275 /* MainMenu.xib */,
				6687B66516DF14970047A275 /* Supporting Files */,
			);
			path = FlipIt;
			sourceTree = "<group>";
		};
		6687B66516DF14970047A275 /* Supporting Files */ = {
			isa = PBXGroup;
			children = (
				6687B66616DF14970047A275 /* FlipIt-Info.plist */,
				6687B66716DF14970047A275 /* InfoPlist.strings */,
				6687B66A16DF14970047A275 /* main.m */,
				6687B66C16DF14970047A275 /* FlipIt-Prefix.pch */,
				6687B66D16DF14970047A275 /* Credits.rtf */,
			);
			name = "Supporting Files";
			sourceTree = "<group>";
		};
/* End PBXGroup section */

/* Begin PBXNativeTarget section */
		6687B65A16DF14970047A275 /* FlipIt */ = {
			isa = PBXNativeTarget;
			buildConfigurationList = 6687B67816DF14970047A275 /* Build configuration list for PBXNativeTarget "FlipIt" */;
			buildPhases = (
				6687B65716DF14970047A275 /* Sources */,
				6687B65816DF14970047A275 /* Frameworks */,
				6687B65916DF14970047A275 /* Resources */,
			);
			buildRules = (
			);
			dependencies = (
			);
			name = FlipIt;
			productName = FlipIt;
			productReference = 6687B65B16DF14970047A275 /* FlipIt.app */;
			productType = "com.apple.product-type.application";
		};
/* End PBXNativeTarget section */

/* Begin PBXProject section */
		6687B65316DF14970047A275 /* Project object */ = {
			isa = PBXProject;
			attributes = {
				CLASSPREFIX = FI;
				LastUpgradeCheck = 0460;
				ORGANIZATIONNAME = "Learn Cocoa";
			};
			buildConfigurationList = 6687B65616DF14970047A275 /* Build configuration list for PBXProject "FlipIt" */;
			compatibilityVersion = "Xcode 3.2";
			developmentRegion = English;
			hasScannedForEncodings = 0;
			knownRegions = (
				en,
			);
			mainGroup = 6687B65216DF14970047A275;
			productRefGroup = 6687B65C16DF14970047A275 /* Products */;
			projectDirPath = "";
			projectRoot = "";
			targets = (
				6687B65A16DF14970047A275 /* FlipIt */,
			);
		};
/* End PBXProject section */

/* Begin PBXResourcesBuildPhase section */
		6687B65916DF14970047A275 /* Resources */ = {
			isa = PBXResourcesBuildPhase;
			buildActionMask = 2147483647;
			files = (
				6687B66916DF14970047A275 /* InfoPlist.strings in Resources */,
				6687B66F16DF14970047A275 /* Credits.rtf in Resources */,
				6687B67516DF14970047A275 /* MainMenu.xib in Resources */,
			);
			runOnlyForDeploymentPostprocessing = 0;
		};
/* End PBXResourcesBuildPhase section */

/* Begin PBXSourcesBuildPhase section */
		6687B65716DF14970047A275 /* Sources */ = {
			isa = PBXSourcesBuildPhase;
			buildActionMask = 2147483647;
			files = (
				6687B66B16DF14970047A275 /* main.m in Sources */,
				6687B67216DF14970047A275 /* FIAppDelegate.m in Sources */,
			);
			runOnlyForDeploymentPostprocessing = 0;
		};
/* End PBXSourcesBuildPhase section */

/* Begin PBXVariantGroup section */
		6687B66716DF14970047A275 /* InfoPlist.strings */ = {
			isa = PBXVariantGroup;
			children = (
				6687B66816DF14970047A275 /* en */,
			);
			name = InfoPlist.strings;
			sourceTree = "<group>";
		};
		6687B66D16DF14970047A275 /* Credits.rtf */ = {
			isa = PBXVariantGroup;
			children = (
				6687B66E16DF14970047A275 /* en */,
			);
			name = Credits.rtf;
			sourceTree = "<group>";
		};
		6687B67316DF14970047A275 /* MainMenu.xib */ = {
			isa = PBXVariantGroup;
			children = (
				6687B67416DF14970047A275 /* en */,
			);
			name = MainMenu.xib;
			sourceTree = "<group>";
		};
/* End PBXVariantGroup section */

/* Begin XCBuildConfiguration section */
		6687B67616DF14970047A275 /* Debug */ = {
			isa = XCBuildConfiguration;
			buildSettings = {
				ALWAYS_SEARCH_USER_PATHS = NO;
				ARCHS = "$(ARCHS_STANDARD_64_BIT)";
				CLANG_CXX_LANGUAGE_STANDARD = "gnu++0x";
				CLANG_CXX_LIBRARY = "libc++";
				CLANG_ENABLE_OBJC_ARC = YES;
				CLANG_WARN_CONSTANT_CONVERSION = YES;
				CLANG_WARN_EMPTY_BODY = YES;
				CLANG_WARN_ENUM_CONVERSION = YES;
				CLANG_WARN_INT_CONVERSION = YES;
				CLANG_WARN__DUPLICATE_METHOD_MATCH = YES;
				COPY_PHASE_STRIP = NO;
				GCC_C_LANGUAGE_STANDARD = gnu99;
				GCC_DYNAMIC_NO_PIC = NO;
				GCC_ENABLE_OBJC_EXCEPTIONS = YES;
				GCC_OPTIMIZATION_LEVEL = 0;
				GCC_PREPROCESSOR_DEFINITIONS = (
					"DEBUG=1",
					"$(inherited)",
				);
				GCC_SYMBOLS_PRIVATE_EXTERN = NO;
				GCC_WARN_64_TO_32_BIT_CONVERSION = YES;
				GCC_WARN_ABOUT_RETURN_TYPE = YES;
				GCC_WARN_UNINITIALIZED_AUTOS = YES;
				GCC_WARN_UNUSED_VARIABLE = YES;
				MACOSX_DEPLOYMENT_TARGET = 10.8;
				ONLY_ACTIVE_ARCH = YES;
				SDKROOT = macosx;
			};
			name = Debug;
		};
		6687B67716DF14970047A275 /* Release */ = {
			isa = XCBuildConfiguration;
			buildSettings = {
				ALWAYS_SEARCH_USER_PATHS = NO;
				ARCHS = "$(ARCHS_STANDARD_64_BIT)";
				CLANG_CXX_LANGUAGE_STANDARD = "gnu++0x";
				CLANG_CXX_LIBRARY = "libc++";
				CLANG_ENABLE_OBJC_ARC = YES;
				CLANG_WARN_CONSTANT_CONVERSION = YES;
				CLANG_WARN_EMPTY_BODY = YES;
				CLANG_WARN_ENUM_CONVERSION = YES;
				CLANG_WARN_INT_CONVERSION = YES;
				CLANG_WARN__DUPLICATE_METHOD_MATCH = YES;
				COPY_PHASE_STRIP = YES;
				DEBUG_INFORMATION_FORMAT = "dwarf-with-dsym";
				GCC_C_LANGUAGE_STANDARD = gnu99;
				GCC_ENABLE_OBJC_EXCEPTIONS = YES;
				GCC_WARN_64_TO_32_BIT_CONVERSION = YES;
				GCC_WARN_ABOUT_RETURN_TYPE = YES;
				GCC_WARN_UNINITIALIZED_AUTOS = YES;
				GCC_WARN_UNUSED_VARIABLE = YES;
				MACOSX_DEPLOYMENT_TARGET = 10.8;
				SDKROOT = macosx;
			};
			name = Release;
		};
		6687B67916DF14970047A275 /* Debug */ = {
			isa = XCBuildConfiguration;
			buildSettings = {
				COMBINE_HIDPI_IMAGES = YES;
				GCC_PRECOMPILE_PREFIX_HEADER = YES;
				GCC_PREFIX_HEADER = "FlipIt/FlipIt-Prefix.pch";
				INFOPLIST_FILE = "FlipIt/FlipIt-Info.plist";
				PRODUCT_NAME = "$(TARGET_NAME)";
				WRAPPER_EXTENSION = app;
			};
			name = Debug;
		};
		6687B67A16DF14970047A275 /* Release */ = {
			isa = XCBuildConfiguration;
			buildSettings = {
				COMBINE_HIDPI_IMAGES = YES;
				GCC_PRECOMPILE_PREFIX_HEADER = YES;
				GCC_PREFIX_HEADER = "FlipIt/FlipIt-Prefix.pch";
				INFOPLIST_FILE = "FlipIt/FlipIt-Info.plist";
				PRODUCT_NAME = "$(TARGET_NAME)";
				WRAPPER_EXTENSION = app;
			};
			name = Release;
		};
/* End XCBuildConfiguration section */

/* Begin XCConfigurationList section */
		6687B65616DF14970047A275 /* Build configuration list for PBXProject "FlipIt" */ = {
			isa = XCConfigurationList;
			buildConfigurations = (
				6687B67616DF14970047A275 /* Debug */,
				6687B67716DF14970047A275 /* Release */,
			);
			defaultConfigurationIsVisible = 0;
			defaultConfigurationName = Release;
		};
		6687B67816DF14970047A275 /* Build configuration list for PBXNativeTarget "FlipIt" */ = {
			isa = XCConfigurationList;
			buildConfigurations = (
				6687B67916DF14970047A275 /* Debug */,
				6687B67A16DF14970047A275 /* Release */,
			);
			defaultConfigurationIsVisible = 0;
		};
/* End XCConfigurationList section */
	};
	rootObject = 6687B65316DF14970047A275 /* Project object */;
}
